
Microsoft Visual Studio Solution File, Format Version 12.00
# Visual Studio 2012
Project("{FAE04EC0-301F-11D3-BF4B-00C04F79EFBC}") = "JobbersCafe.Data", "JobbersCafe.Data\JobbersCafe.Data.csproj", "{277BB41C-8622-4D1F-85BB-B40774DE49FB}"
EndProject
Project("{FAE04EC0-301F-11D3-BF4B-00C04F79EFBC}") = "JobbersCafe.UI", "JobbersCafe.UI\JobbersCafe.UI.csproj", "{20765630-4B22-4915-8D3A-B162ABEC4941}"
EndProject
Global
	GlobalSection(SolutionConfigurationPlatforms) = preSolution
		Debug|Any CPU = Debug|Any CPU
		Release|Any CPU = Release|Any CPU
	EndGlobalSection
	GlobalSection(ProjectConfigurationPlatforms) = postSolution
		{277BB41C-8622-4D1F-85BB-B40774DE49FB}.Debug|Any CPU.ActiveCfg = Debug|Any CPU
		{277BB41C-8622-4D1F-85BB-B40774DE49FB}.Debug|Any CPU.Build.0 = Debug|Any CPU
		{277BB41C-8622-4D1F-85BB-B40774DE49FB}.Release|Any CPU.ActiveCfg = Release|Any CPU
		{277BB41C-8622-4D1F-85BB-B40774DE49FB}.Release|Any CPU.Build.0 = Release|Any CPU
		{20765630-4B22-4915-8D3A-B162ABEC4941}.Debug|Any CPU.ActiveCfg = Debug|Any CPU
		{20765630-4B22-4915-8D3A-B162ABEC4941}.Debug|Any CPU.Build.0 = Debug|Any CPU
		{20765630-4B22-4915-8D3A-B162ABEC4941}.Release|Any CPU.ActiveCfg = Release|Any CPU
		{20765630-4B22-4915-8D3A-B162ABEC4941}.Release|Any CPU.Build.0 = Release|Any CPU
	EndGlobalSection
	GlobalSection(SolutionProperties) = preSolution
		HideSolutionNode = FALSE
	EndGlobalSection
EndGlobal
